
Microsoft Visual Studio Solution File, Format Version 12.00
# Visual Studio Version 17
VisualStudioVersion = 17.3.32929.385
MinimumVisualStudioVersion = 10.0.40219.1
Project("{FAE04EC0-301F-11D3-BF4B-00C04F79EFBC}") = "SysProg", "SysProg\SysProg.csproj", "{CCD6FC07-94E9-4665-BE64-41FED1456489}"
EndProject
Project("{FAE04EC0-301F-11D3-BF4B-00C04F79EFBC}") = "TransportLibrary", "TransportLibrary\TransportLibrary.csproj", "{7FA56EED-3B2A-4763-B5FB-86814E2D6BF2}"
EndProject
Global
	GlobalSection(SolutionConfigurationPlatforms) = preSolution
		Debug|Any CPU = Debug|Any CPU
		Release|Any CPU = Release|Any CPU
	EndGlobalSection
	GlobalSection(ProjectConfigurationPlatforms) = postSolution
		{CCD6FC07-94E9-4665-BE64-41FED1456489}.Debug|Any CPU.ActiveCfg = Debug|Any CPU
		{CCD6FC07-94E9-4665-BE64-41FED1456489}.Debug|Any CPU.Build.0 = Debug|Any CPU
		{CCD6FC07-94E9-4665-BE64-41FED1456489}.Release|Any CPU.ActiveCfg = Release|Any CPU
		{CCD6FC07-94E9-4665-BE64-41FED1456489}.Release|Any CPU.Build.0 = Release|Any CPU
		{7FA56EED-3B2A-4763-B5FB-86814E2D6BF2}.Debug|Any CPU.ActiveCfg = Debug|Any CPU
		{7FA56EED-3B2A-4763-B5FB-86814E2D6BF2}.Debug|Any CPU.Build.0 = Debug|Any CPU
		{7FA56EED-3B2A-4763-B5FB-86814E2D6BF2}.Release|Any CPU.ActiveCfg = Release|Any CPU
		{7FA56EED-3B2A-4763-B5FB-86814E2D6BF2}.Release|Any CPU.Build.0 = Release|Any CPU
	EndGlobalSection
	GlobalSection(SolutionProperties) = preSolution
		HideSolutionNode = FALSE
	EndGlobalSection
	GlobalSection(ExtensibilityGlobals) = postSolution
		SolutionGuid = {9B7C7153-0FF8-4323-BAE9-7A7D23CC6547}
	EndGlobalSection
EndGlobal
